// !$*UTF8*$!
{
	archiveVersion = 1;
	classes = {
	};
	objectVersion = 46;
	objects = {

/* Begin PBXBuildFile section */
		187DF6531E78E80C00DB0241 /* main.m in Sources */ = {isa = PBXBuildFile; fileRef = 187DF6521E78E80C00DB0241 /* main.m */; };
		187DF6561E78E80C00DB0241 /* AppDelegate.m in Sources */ = {isa = PBXBuildFile; fileRef = 187DF6551E78E80C00DB0241 /* AppDelegate.m */; };
		187DF6591E78E80C00DB0241 /* ViewController.m in Sources */ = {isa = PBXBuildFile; fileRef = 187DF6581E78E80C00DB0241 /* ViewController.m */; };
		187DF65C1E78E80C00DB0241 /* Main.storyboard in Resources */ = {isa = PBXBuildFile; fileRef = 187DF65A1E78E80C00DB0241 /* Main.storyboard */; };
		187DF65E1E78E80C00DB0241 /* Assets.xcassets in Resources */ = {isa = PBXBuildFile; fileRef = 187DF65D1E78E80C00DB0241 /* Assets.xcassets */; };
		187DF6611E78E80C00DB0241 /* LaunchScreen.storyboard in Resources */ = {isa = PBXBuildFile; fileRef = 187DF65F1E78E80C00DB0241 /* LaunchScreen.storyboard */; };
		187DF6741E78EADA00DB0241 /* 1.jpg in Resources */ = {isa = PBXBuildFile; fileRef = 187DF6691E78EADA00DB0241 /* 1.jpg */; };
		187DF6751E78EADA00DB0241 /* 10.jpg in Resources */ = {isa = PBXBuildFile; fileRef = 187DF66A1E78EADA00DB0241 /* 10.jpg */; };
		187DF6761E78EADA00DB0241 /* 11.jpg in Resources */ = {isa = PBXBuildFile; fileRef = 187DF66B1E78EADA00DB0241 /* 11.jpg */; };
		187DF6771E78EADA00DB0241 /* 2.jpg in Resources */ = {isa = PBXBuildFile; fileRef = 187DF66C1E78EADA00DB0241 /* 2.jpg */; };
		187DF6781E78EADA00DB0241 /* 3.jpg in Resources */ = {isa = PBXBuildFile; fileRef = 187DF66D1E78EADA00DB0241 /* 3.jpg */; };
		187DF6791E78EADB00DB0241 /* 4.jpg in Resources */ = {isa = PBXBuildFile; fileRef = 187DF66E1E78EADA00DB0241 /* 4.jpg */; };
		187DF67A1E78EADB00DB0241 /* 5.jpg in Resources */ = {isa = PBXBuildFile; fileRef = 187DF66F1E78EADA00DB0241 /* 5.jpg */; };
		187DF67B1E78EADB00DB0241 /* 6.jpg in Resources */ = {isa = PBXBuildFile; fileRef = 187DF6701E78EADA00DB0241 /* 6.jpg */; };
		187DF67C1E78EADB00DB0241 /* 7.jpg in Resources */ = {isa = PBXBuildFile; fileRef = 187DF6711E78EADA00DB0241 /* 7.jpg */; };
		187DF67D1E78EADB00DB0241 /* 8.jpg in Resources */ = {isa = PBXBuildFile; fileRef = 187DF6721E78EADA00DB0241 /* 8.jpg */; };
		187DF67E1E78EADB00DB0241 /* 9.jpg in Resources */ = {isa = PBXBuildFile; fileRef = 187DF6731E78EADA00DB0241 /* 9.jpg */; };
		187DF6811E78EB1F00DB0241 /* DataPropertyList.plist in Resources */ = {isa = PBXBuildFile; fileRef = 187DF6801E78EB1F00DB0241 /* DataPropertyList.plist */; };
		187DF6851E79156200DB0241 /* FKCardModel.m in Sources */ = {isa = PBXBuildFile; fileRef = 187DF6841E79156200DB0241 /* FKCardModel.m */; };
		187DF6881E7915E800DB0241 /* FKCardCell.m in Sources */ = {isa = PBXBuildFile; fileRef = 187DF6871E7915E800DB0241 /* FKCardCell.m */; };
		187DF68B1E7919A700DB0241 /* FKCardSwitchFlowLayout.m in Sources */ = {isa = PBXBuildFile; fileRef = 187DF68A1E7919A700DB0241 /* FKCardSwitchFlowLayout.m */; };
		187DF68E1E791DBF00DB0241 /* FKCardSwitchView.m in Sources */ = {isa = PBXBuildFile; fileRef = 187DF68D1E791DBF00DB0241 /* FKCardSwitchView.m */; };
/* End PBXBuildFile section */

/* Begin PBXFileReference section */
		187DF64E1E78E80C00DB0241 /* FKSwitchCardsDemo.app */ = {isa = PBXFileReference; explicitFileType = wrapper.application; includeInIndex = 0; path = FKSwitchCardsDemo.app; sourceTree = BUILT_PRODUCTS_DIR; };
		187DF6521E78E80C00DB0241 /* main.m */ = {isa = PBXFileReference; lastKnownFileType = sourcecode.c.objc; path = main.m; sourceTree = "<group>"; };
		187DF6541E78E80C00DB0241 /* AppDelegate.h */ = {isa = PBXFileReference; lastKnownFileType = sourcecode.c.h; path = AppDelegate.h; sourceTree = "<group>"; };
		187DF6551E78E80C00DB0241 /* AppDelegate.m */ = {isa = PBXFileReference; lastKnownFileType = sourcecode.c.objc; path = AppDelegate.m; sourceTree = "<group>"; };
		187DF6571E78E80C00DB0241 /* ViewController.h */ = {isa = PBXFileReference; lastKnownFileType = sourcecode.c.h; path = ViewController.h; sourceTree = "<group>"; };
		187DF6581E78E80C00DB0241 /* ViewController.m */ = {isa = PBXFileReference; lastKnownFileType = sourcecode.c.objc; path = ViewController.m; sourceTree = "<group>"; };
		187DF65B1E78E80C00DB0241 /* Base */ = {isa = PBXFileReference; lastKnownFileType = file.storyboard; name = Base; path = Base.lproj/Main.storyboard; sourceTree = "<group>"; };
		187DF65D1E78E80C00DB0241 /* Assets.xcassets */ = {isa = PBXFileReference; lastKnownFileType = folder.assetcatalog; path = Assets.xcassets; sourceTree = "<group>"; };
		187DF6601E78E80C00DB0241 /* Base */ = {isa = PBXFileReference; lastKnownFileType = file.storyboard; name = Base; path = Base.lproj/LaunchScreen.storyboard; sourceTree = "<group>"; };
		187DF6621E78E80C00DB0241 /* Info.plist */ = {isa = PBXFileReference; lastKnownFileType = text.plist.xml; path = Info.plist; sourceTree = "<group>"; };
		187DF6691E78EADA00DB0241 /* 1.jpg */ = {isa = PBXFileReference; lastKnownFileType = image.jpeg; path = 1.jpg; sourceTree = "<group>"; };
		187DF66A1E78EADA00DB0241 /* 10.jpg */ = {isa = PBXFileReference; lastKnownFileType = image.jpeg; path = 10.jpg; sourceTree = "<group>"; };
		187DF66B1E78EADA00DB0241 /* 11.jpg */ = {isa = PBXFileReference; lastKnownFileType = image.jpeg; path = 11.jpg; sourceTree = "<group>"; };
		187DF66C1E78EADA00DB0241 /* 2.jpg */ = {isa = PBXFileReference; lastKnownFileType = image.jpeg; path = 2.jpg; sourceTree = "<group>"; };
		187DF66D1E78EADA00DB0241 /* 3.jpg */ = {isa = PBXFileReference; lastKnownFileType = image.jpeg; path = 3.jpg; sourceTree = "<group>"; };
		187DF66E1E78EADA00DB0241 /* 4.jpg */ = {isa = PBXFileReference; lastKnownFileType = image.jpeg; path = 4.jpg; sourceTree = "<group>"; };
		187DF66F1E78EADA00DB0241 /* 5.jpg */ = {isa = PBXFileReference; lastKnownFileType = image.jpeg; path = 5.jpg; sourceTree = "<group>"; };
		187DF6701E78EADA00DB0241 /* 6.jpg */ = {isa = PBXFileReference; lastKnownFileType = image.jpeg; path = 6.jpg; sourceTree = "<group>"; };
		187DF6711E78EADA00DB0241 /* 7.jpg */ = {isa = PBXFileReference; lastKnownFileType = image.jpeg; path = 7.jpg; sourceTree = "<group>"; };
		187DF6721E78EADA00DB0241 /* 8.jpg */ = {isa = PBXFileReference; lastKnownFileType = image.jpeg; path = 8.jpg; sourceTree = "<group>"; };
		187DF6731E78EADA00DB0241 /* 9.jpg */ = {isa = PBXFileReference; lastKnownFileType = image.jpeg; path = 9.jpg; sourceTree = "<group>"; };
		187DF6801E78EB1F00DB0241 /* DataPropertyList.plist */ = {isa = PBXFileReference; fileEncoding = 4; lastKnownFileType = text.plist.xml; path = DataPropertyList.plist; sourceTree = "<group>"; };
		187DF6831E79156200DB0241 /* FKCardModel.h */ = {isa = PBXFileReference; fileEncoding = 4; lastKnownFileType = sourcecode.c.h; path = FKCardModel.h; sourceTree = "<group>"; };
		187DF6841E79156200DB0241 /* FKCardModel.m */ = {isa = PBXFileReference; fileEncoding = 4; lastKnownFileType = sourcecode.c.objc; path = FKCardModel.m; sourceTree = "<group>"; };
		187DF6861E7915E800DB0241 /* FKCardCell.h */ = {isa = PBXFileReference; fileEncoding = 4; lastKnownFileType = sourcecode.c.h; path = FKCardCell.h; sourceTree = "<group>"; };
		187DF6871E7915E800DB0241 /* FKCardCell.m */ = {isa = PBXFileReference; fileEncoding = 4; lastKnownFileType = sourcecode.c.objc; path = FKCardCell.m; sourceTree = "<group>"; };
		187DF6891E7919A700DB0241 /* FKCardSwitchFlowLayout.h */ = {isa = PBXFileReference; fileEncoding = 4; lastKnownFileType = sourcecode.c.h; path = FKCardSwitchFlowLayout.h; sourceTree = "<group>"; };
		187DF68A1E7919A700DB0241 /* FKCardSwitchFlowLayout.m */ = {isa = PBXFileReference; fileEncoding = 4; lastKnownFileType = sourcecode.c.objc; path = FKCardSwitchFlowLayout.m; sourceTree = "<group>"; };
		187DF68C1E791DBF00DB0241 /* FKCardSwitchView.h */ = {isa = PBXFileReference; fileEncoding = 4; lastKnownFileType = sourcecode.c.h; path = FKCardSwitchView.h; sourceTree = "<group>"; };
		187DF68D1E791DBF00DB0241 /* FKCardSwitchView.m */ = {isa = PBXFileReference; fileEncoding = 4; lastKnownFileType = sourcecode.c.objc; path = FKCardSwitchView.m; sourceTree = "<group>"; };
/* End PBXFileReference section */

/* Begin PBXFrameworksBuildPhase section */
		187DF64B1E78E80C00DB0241 /* Frameworks */ = {
			isa = PBXFrameworksBuildPhase;
			buildActionMask = 2147483647;
			files = (
			);
			runOnlyForDeploymentPostprocessing = 0;
		};
/* End PBXFrameworksBuildPhase section */

/* Begin PBXGroup section */
		187DF6451E78E80B00DB0241 = {
			isa = PBXGroup;
			children = (
				187DF6501E78E80C00DB0241 /* FKSwitchCardsDemo */,
				187DF64F1E78E80C00DB0241 /* Products */,
			);
			sourceTree = "<group>";
		};
		187DF64F1E78E80C00DB0241 /* Products */ = {
			isa = PBXGroup;
			children = (
				187DF64E1E78E80C00DB0241 /* FKSwitchCardsDemo.app */,
			);
			name = Products;
			sourceTree = "<group>";
		};
		187DF6501E78E80C00DB0241 /* FKSwitchCardsDemo */ = {
			isa = PBXGroup;
			children = (
				187DF6821E78EC5A00DB0241 /* FKCardTool */,
				187DF6541E78E80C00DB0241 /* AppDelegate.h */,
				187DF6551E78E80C00DB0241 /* AppDelegate.m */,
				187DF6571E78E80C00DB0241 /* ViewController.h */,
				187DF6581E78E80C00DB0241 /* ViewController.m */,
				187DF65A1E78E80C00DB0241 /* Main.storyboard */,
				187DF65D1E78E80C00DB0241 /* Assets.xcassets */,
				187DF65F1E78E80C00DB0241 /* LaunchScreen.storyboard */,
				187DF6621E78E80C00DB0241 /* Info.plist */,
				187DF67F1E78EB1500DB0241 /* Resource */,
				187DF6681E78EADA00DB0241 /* Image */,
				187DF6511E78E80C00DB0241 /* Supporting Files */,
			);
			path = FKSwitchCardsDemo;
			sourceTree = "<group>";
		};
		187DF6511E78E80C00DB0241 /* Supporting Files */ = {
			isa = PBXGroup;
			children = (
				187DF6521E78E80C00DB0241 /* main.m */,
			);
			name = "Supporting Files";
			sourceTree = "<group>";
		};
		187DF6681E78EADA00DB0241 /* Image */ = {
			isa = PBXGroup;
			children = (
				187DF6691E78EADA00DB0241 /* 1.jpg */,
				187DF66A1E78EADA00DB0241 /* 10.jpg */,
				187DF66B1E78EADA00DB0241 /* 11.jpg */,
				187DF66C1E78EADA00DB0241 /* 2.jpg */,
				187DF66D1E78EADA00DB0241 /* 3.jpg */,
				187DF66E1E78EADA00DB0241 /* 4.jpg */,
				187DF66F1E78EADA00DB0241 /* 5.jpg */,
				187DF6701E78EADA00DB0241 /* 6.jpg */,
				187DF6711E78EADA00DB0241 /* 7.jpg */,
				187DF6721E78EADA00DB0241 /* 8.jpg */,
				187DF6731E78EADA00DB0241 /* 9.jpg */,
			);
			path = Image;
			sourceTree = "<group>";
		};
		187DF67F1E78EB1500DB0241 /* Resource */ = {
			isa = PBXGroup;
			children = (
				187DF6801E78EB1F00DB0241 /* DataPropertyList.plist */,
			);
			path = Resource;
			sourceTree = "<group>";
		};
		187DF6821E78EC5A00DB0241 /* FKCardTool */ = {
			isa = PBXGroup;
			children = (
				187DF6831E79156200DB0241 /* FKCardModel.h */,
				187DF6841E79156200DB0241 /* FKCardModel.m */,
				187DF6861E7915E800DB0241 /* FKCardCell.h */,
				187DF6871E7915E800DB0241 /* FKCardCell.m */,
				187DF6891E7919A700DB0241 /* FKCardSwitchFlowLayout.h */,
				187DF68A1E7919A700DB0241 /* FKCardSwitchFlowLayout.m */,
				187DF68C1E791DBF00DB0241 /* FKCardSwitchView.h */,
				187DF68D1E791DBF00DB0241 /* FKCardSwitchView.m */,
			);
			path = FKCardTool;
			sourceTree = "<group>";
		};
/* End PBXGroup section */

/* Begin PBXNativeTarget section */
		187DF64D1E78E80C00DB0241 /* FKSwitchCardsDemo */ = {
			isa = PBXNativeTarget;
			buildConfigurationList = 187DF6651E78E80C00DB0241 /* Build configuration list for PBXNativeTarget "FKSwitchCardsDemo" */;
			buildPhases = (
				187DF64A1E78E80C00DB0241 /* Sources */,
				187DF64B1E78E80C00DB0241 /* Frameworks */,
				187DF64C1E78E80C00DB0241 /* Resources */,
			);
			buildRules = (
			);
			dependencies = (
			);
			name = FKSwitchCardsDemo;
			productName = FKSwitchCardsDemo;
			productReference = 187DF64E1E78E80C00DB0241 /* FKSwitchCardsDemo.app */;
			productType = "com.apple.product-type.application";
		};
/* End PBXNativeTarget section */

/* Begin PBXProject section */
		187DF6461E78E80B00DB0241 /* Project object */ = {
			isa = PBXProject;
			attributes = {
				LastUpgradeCheck = 0820;
				ORGANIZATIONNAME = admin;
				TargetAttributes = {
					187DF64D1E78E80C00DB0241 = {
						CreatedOnToolsVersion = 8.2.1;
						DevelopmentTeam = G585J4946N;
						ProvisioningStyle = Automatic;
					};
				};
			};
			buildConfigurationList = 187DF6491E78E80B00DB0241 /* Build configuration list for PBXProject "FKSwitchCardsDemo" */;
			compatibilityVersion = "Xcode 3.2";
			developmentRegion = English;
			hasScannedForEncodings = 0;
			knownRegions = (
				en,
				Base,
			);
			mainGroup = 187DF6451E78E80B00DB0241;
			productRefGroup = 187DF64F1E78E80C00DB0241 /* Products */;
			projectDirPath = "";
			projectRoot = "";
			targets = (
				187DF64D1E78E80C00DB0241 /* FKSwitchCardsDemo */,
			);
		};
/* End PBXProject section */

/* Begin PBXResourcesBuildPhase section */
		187DF64C1E78E80C00DB0241 /* Resources */ = {
			isa = PBXResourcesBuildPhase;
			buildActionMask = 2147483647;
			files = (
				187DF67B1E78EADB00DB0241 /* 6.jpg in Resources */,
				187DF6811E78EB1F00DB0241 /* DataPropertyList.plist in Resources */,
				187DF6751E78EADA00DB0241 /* 10.jpg in Resources */,
				187DF67A1E78EADB00DB0241 /* 5.jpg in Resources */,
				187DF67C1E78EADB00DB0241 /* 7.jpg in Resources */,
				187DF6611E78E80C00DB0241 /* LaunchScreen.storyboard in Resources */,
				187DF67D1E78EADB00DB0241 /* 8.jpg in Resources */,
				187DF6771E78EADA00DB0241 /* 2.jpg in Resources */,
				187DF6741E78EADA00DB0241 /* 1.jpg in Resources */,
				187DF6761E78EADA00DB0241 /* 11.jpg in Resources */,
				187DF67E1E78EADB00DB0241 /* 9.jpg in Resources */,
				187DF65E1E78E80C00DB0241 /* Assets.xcassets in Resources */,
				187DF6791E78EADB00DB0241 /* 4.jpg in Resources */,
				187DF65C1E78E80C00DB0241 /* Main.storyboard in Resources */,
				187DF6781E78EADA00DB0241 /* 3.jpg in Resources */,
			);
			runOnlyForDeploymentPostprocessing = 0;
		};
/* End PBXResourcesBuildPhase section */

/* Begin PBXSourcesBuildPhase section */
		187DF64A1E78E80C00DB0241 /* Sources */ = {
			isa = PBXSourcesBuildPhase;
			buildActionMask = 2147483647;
			files = (
				187DF6881E7915E800DB0241 /* FKCardCell.m in Sources */,
				187DF6851E79156200DB0241 /* FKCardModel.m in Sources */,
				187DF6591E78E80C00DB0241 /* ViewController.m in Sources */,
				187DF6561E78E80C00DB0241 /* AppDelegate.m in Sources */,
				187DF68E1E791DBF00DB0241 /* FKCardSwitchView.m in Sources */,
				187DF68B1E7919A700DB0241 /* FKCardSwitchFlowLayout.m in Sources */,
				187DF6531E78E80C00DB0241 /* main.m in Sources */,
			);
			runOnlyForDeploymentPostprocessing = 0;
		};
/* End PBXSourcesBuildPhase section */

/* Begin PBXVariantGroup section */
		187DF65A1E78E80C00DB0241 /* Main.storyboard */ = {
			isa = PBXVariantGroup;
			children = (
				187DF65B1E78E80C00DB0241 /* Base */,
			);
			name = Main.storyboard;
			sourceTree = "<group>";
		};
		187DF65F1E78E80C00DB0241 /* LaunchScreen.storyboard */ = {
			isa = PBXVariantGroup;
			children = (
				187DF6601E78E80C00DB0241 /* Base */,
			);
			name = LaunchScreen.storyboard;
			sourceTree = "<group>";
		};
/* End PBXVariantGroup section */

/* Begin XCBuildConfiguration section */
		187DF6631E78E80C00DB0241 /* Debug */ = {
			isa = XCBuildConfiguration;
			buildSettings = {
				ALWAYS_SEARCH_USER_PATHS = NO;
				CLANG_ANALYZER_NONNULL = YES;
				CLANG_CXX_LANGUAGE_STANDARD = "gnu++0x";
				CLANG_CXX_LIBRARY = "libc++";
				CLANG_ENABLE_MODULES = YES;
				CLANG_ENABLE_OBJC_ARC = YES;
				CLANG_WARN_BOOL_CONVERSION = YES;
				CLANG_WARN_CONSTANT_CONVERSION = YES;
				CLANG_WARN_DIRECT_OBJC_ISA_USAGE = YES_ERROR;
				CLANG_WARN_DOCUMENTATION_COMMENTS = YES;
				CLANG_WARN_EMPTY_BODY = YES;
				CLANG_WARN_ENUM_CONVERSION = YES;
				CLANG_WARN_INFINITE_RECURSION = YES;
				CLANG_WARN_INT_CONVERSION = YES;
				CLANG_WARN_OBJC_ROOT_CLASS = YES_ERROR;
				CLANG_WARN_SUSPICIOUS_MOVE = YES;
				CLANG_WARN_UNREACHABLE_CODE = YES;
				CLANG_WARN__DUPLICATE_METHOD_MATCH = YES;
				"CODE_SIGN_IDENTITY[sdk=iphoneos*]" = "iPhone Developer";
				COPY_PHASE_STRIP = NO;
				DEBUG_INFORMATION_FORMAT = dwarf;
				ENABLE_STRICT_OBJC_MSGSEND = YES;
				ENABLE_TESTABILITY = YES;
				GCC_C_LANGUAGE_STANDARD = gnu99;
				GCC_DYNAMIC_NO_PIC = NO;
				GCC_NO_COMMON_BLOCKS = YES;
				GCC_OPTIMIZATION_LEVEL = 0;
				GCC_PREPROCESSOR_DEFINITIONS = (
					"DEBUG=1",
					"$(inherited)",
				);
				GCC_WARN_64_TO_32_BIT_CONVERSION = YES;
				GCC_WARN_ABOUT_RETURN_TYPE = YES_ERROR;
				GCC_WARN_UNDECLARED_SELECTOR = YES;
				GCC_WARN_UNINITIALIZED_AUTOS = YES_AGGRESSIVE;
				GCC_WARN_UNUSED_FUNCTION = YES;
				GCC_WARN_UNUSED_VARIABLE = YES;
				IPHONEOS_DEPLOYMENT_TARGET = 10.2;
				MTL_ENABLE_DEBUG_INFO = YES;
				ONLY_ACTIVE_ARCH = YES;
				SDKROOT = iphoneos;
			};
			name = Debug;
		};
		187DF6641E78E80C00DB0241 /* Release */ = {
			isa = XCBuildConfiguration;
			buildSettings = {
				ALWAYS_SEARCH_USER_PATHS = NO;
				CLANG_ANALYZER_NONNULL = YES;
				CLANG_CXX_LANGUAGE_STANDARD = "gnu++0x";
				CLANG_CXX_LIBRARY = "libc++";
				CLANG_ENABLE_MODULES = YES;
				CLANG_ENABLE_OBJC_ARC = YES;
				CLANG_WARN_BOOL_CONVERSION = YES;
				CLANG_WARN_CONSTANT_CONVERSION = YES;
				CLANG_WARN_DIRECT_OBJC_ISA_USAGE = YES_ERROR;
				CLANG_WARN_DOCUMENTATION_COMMENTS = YES;
				CLANG_WARN_EMPTY_BODY = YES;
				CLANG_WARN_ENUM_CONVERSION = YES;
				CLANG_WARN_INFINITE_RECURSION = YES;
				CLANG_WARN_INT_CONVERSION = YES;
				CLANG_WARN_OBJC_ROOT_CLASS = YES_ERROR;
				CLANG_WARN_SUSPICIOUS_MOVE = YES;
				CLANG_WARN_UNREACHABLE_CODE = YES;
				CLANG_WARN__DUPLICATE_METHOD_MATCH = YES;
				"CODE_SIGN_IDENTITY[sdk=iphoneos*]" = "iPhone Developer";
				COPY_PHASE_STRIP = NO;
				DEBUG_INFORMATION_FORMAT = "dwarf-with-dsym";
				ENABLE_NS_ASSERTIONS = NO;
				ENABLE_STRICT_OBJC_MSGSEND = YES;
				GCC_C_LANGUAGE_STANDARD = gnu99;
				GCC_NO_COMMON_BLOCKS = YES;
				GCC_WARN_64_TO_32_BIT_CONVERSION = YES;
				GCC_WARN_ABOUT_RETURN_TYPE = YES_ERROR;
				GCC_WARN_UNDECLARED_SELECTOR = YES;
				GCC_WARN_UNINITIALIZED_AUTOS = YES_AGGRESSIVE;
				GCC_WARN_UNUSED_FUNCTION = YES;
				GCC_WARN_UNUSED_VARIABLE = YES;
				IPHONEOS_DEPLOYMENT_TARGET = 10.2;
				MTL_ENABLE_DEBUG_INFO = NO;
				SDKROOT = iphoneos;
				VALIDATE_PRODUCT = YES;
			};
			name = Release;
		};
		187DF6661E78E80C00DB0241 /* Debug */ = {
			isa = XCBuildConfiguration;
			buildSettings = {
				ASSETCATALOG_COMPILER_APPICON_NAME = AppIcon;
				DEVELOPMENT_TEAM = G585J4946N;
				INFOPLIST_FILE = FKSwitchCardsDemo/Info.plist;
				LD_RUNPATH_SEARCH_PATHS = "$(inherited) @executable_path/Frameworks";
				PRODUCT_BUNDLE_IDENTIFIER = admin.FKSwitchCardsDemo;
				PRODUCT_NAME = "$(TARGET_NAME)";
			};
			name = Debug;
		};
		187DF6671E78E80C00DB0241 /* Release */ = {
			isa = XCBuildConfiguration;
			buildSettings = {
				ASSETCATALOG_COMPILER_APPICON_NAME = AppIcon;
				DEVELOPMENT_TEAM = G585J4946N;
				INFOPLIST_FILE = FKSwitchCardsDemo/Info.plist;
				LD_RUNPATH_SEARCH_PATHS = "$(inherited) @executable_path/Frameworks";
				PRODUCT_BUNDLE_IDENTIFIER = admin.FKSwitchCardsDemo;
				PRODUCT_NAME = "$(TARGET_NAME)";
			};
			name = Release;
		};
/* End XCBuildConfiguration section */

/* Begin XCConfigurationList section */
		187DF6491E78E80B00DB0241 /* Build configuration list for PBXProject "FKSwitchCardsDemo" */ = {
			isa = XCConfigurationList;
			buildConfigurations = (
				187DF6631E78E80C00DB0241 /* Debug */,
				187DF6641E78E80C00DB0241 /* Release */,
			);
			defaultConfigurationIsVisible = 0;
			defaultConfigurationName = Release;
		};
		187DF6651E78E80C00DB0241 /* Build configuration list for PBXNativeTarget "FKSwitchCardsDemo" */ = {
			isa = XCConfigurationList;
			buildConfigurations = (
				187DF6661E78E80C00DB0241 /* Debug */,
				187DF6671E78E80C00DB0241 /* Release */,
			);
			defaultConfigurationIsVisible = 0;
		};
/* End XCConfigurationList section */
	};
	rootObject = 187DF6461E78E80B00DB0241 /* Project object */;
}
